
Microsoft Visual Studio Solution File, Format Version 12.00
# Visual Studio Version 17
VisualStudioVersion = 17.9.34607.119
MinimumVisualStudioVersion = 10.0.40219.1
Project("{FAE04EC0-301F-11D3-BF4B-00C04F79EFBC}") = "DirtX", "DirtX.Web\DirtX.csproj", "{694B499D-65A7-4DE3-BDED-9CABA0F704CF}"
EndProject
Project("{FAE04EC0-301F-11D3-BF4B-00C04F79EFBC}") = "DirtX.Core", "DirtX.Core\DirtX.Core.csproj", "{0A8935DA-1AAF-4266-9164-2E7B254E26BE}"
EndProject
Project("{FAE04EC0-301F-11D3-BF4B-00C04F79EFBC}") = "DirtX.Infrastructure", "DirtX.Infrastructure\DirtX.Infrastructure.csproj", "{5DE300F4-4594-4C4A-A1EE-D6B614627900}"
EndProject
Project("{FAE04EC0-301F-11D3-BF4B-00C04F79EFBC}") = "DirtX.Scraper", "DirtX.Scraper\DirtX.Scraper.csproj", "{3E17E77F-C4D3-4D8B-8B62-332BF07852C4}"
EndProject
Global
	GlobalSection(SolutionConfigurationPlatforms) = preSolution
		Debug|Any CPU = Debug|Any CPU
		Release|Any CPU = Release|Any CPU
	EndGlobalSection
	GlobalSection(ProjectConfigurationPlatforms) = postSolution
		{694B499D-65A7-4DE3-BDED-9CABA0F704CF}.Debug|Any CPU.ActiveCfg = Debug|Any CPU
		{694B499D-65A7-4DE3-BDED-9CABA0F704CF}.Debug|Any CPU.Build.0 = Debug|Any CPU
		{694B499D-65A7-4DE3-BDED-9CABA0F704CF}.Release|Any CPU.ActiveCfg = Release|Any CPU
		{694B499D-65A7-4DE3-BDED-9CABA0F704CF}.Release|Any CPU.Build.0 = Release|Any CPU
		{0A8935DA-1AAF-4266-9164-2E7B254E26BE}.Debug|Any CPU.ActiveCfg = Debug|Any CPU
		{0A8935DA-1AAF-4266-9164-2E7B254E26BE}.Debug|Any CPU.Build.0 = Debug|Any CPU
		{0A8935DA-1AAF-4266-9164-2E7B254E26BE}.Release|Any CPU.ActiveCfg = Release|Any CPU
		{0A8935DA-1AAF-4266-9164-2E7B254E26BE}.Release|Any CPU.Build.0 = Release|Any CPU
		{5DE300F4-4594-4C4A-A1EE-D6B614627900}.Debug|Any CPU.ActiveCfg = Debug|Any CPU
		{5DE300F4-4594-4C4A-A1EE-D6B614627900}.Debug|Any CPU.Build.0 = Debug|Any CPU
		{5DE300F4-4594-4C4A-A1EE-D6B614627900}.Release|Any CPU.ActiveCfg = Release|Any CPU
		{5DE300F4-4594-4C4A-A1EE-D6B614627900}.Release|Any CPU.Build.0 = Release|Any CPU
		{3E17E77F-C4D3-4D8B-8B62-332BF07852C4}.Debug|Any CPU.ActiveCfg = Debug|Any CPU
		{3E17E77F-C4D3-4D8B-8B62-332BF07852C4}.Debug|Any CPU.Build.0 = Debug|Any CPU
		{3E17E77F-C4D3-4D8B-8B62-332BF07852C4}.Release|Any CPU.ActiveCfg = Release|Any CPU
		{3E17E77F-C4D3-4D8B-8B62-332BF07852C4}.Release|Any CPU.Build.0 = Release|Any CPU
	EndGlobalSection
	GlobalSection(SolutionProperties) = preSolution
		HideSolutionNode = FALSE
	EndGlobalSection
	GlobalSection(ExtensibilityGlobals) = postSolution
		SolutionGuid = {D49239DE-4F27-4F7E-ADE7-71FF9533BFF1}
	EndGlobalSection
EndGlobal
