
Microsoft Visual Studio Solution File, Format Version 12.00
# Visual Studio Version 17
VisualStudioVersion = 17.9.34607.119
MinimumVisualStudioVersion = 10.0.40219.1
Project("{9A19103F-16F7-4668-BE54-9A1E7A4F7556}") = "DirtX.Web", "DirtX.Web\DirtX.Web.csproj", "{694B499D-65A7-4DE3-BDED-9CABA0F704CF}"
EndProject
Project("{9A19103F-16F7-4668-BE54-9A1E7A4F7556}") = "DirtX.Infrastructure", "DirtX.Infrastructure\DirtX.Infrastructure.csproj", "{5DE300F4-4594-4C4A-A1EE-D6B614627900}"
EndProject
Project("{9A19103F-16F7-4668-BE54-9A1E7A4F7556}") = "DirtX.Scraper", "DirtX.Scraper\DirtX.Scraper.csproj", "{3E17E77F-C4D3-4D8B-8B62-332BF07852C4}"
EndProject
Project("{9A19103F-16F7-4668-BE54-9A1E7A4F7556}") = "DirtX.Tests", "DirtX.Tests\DirtX.Tests.csproj", "{6D1A4D10-1167-4A8F-B933-D2B7726CFDE2}"
EndProject
Project("{9A19103F-16F7-4668-BE54-9A1E7A4F7556}") = "DirtX.Core", "DirtX.Core\DirtX.Core.csproj", "{9224C673-DEE8-415F-8A3E-B4E5A4F29EEC}"
EndProject
Global
	GlobalSection(SolutionConfigurationPlatforms) = preSolution
		Debug|Any CPU = Debug|Any CPU
		Release|Any CPU = Release|Any CPU
	EndGlobalSection
	GlobalSection(ProjectConfigurationPlatforms) = postSolution
		{694B499D-65A7-4DE3-BDED-9CABA0F704CF}.Debug|Any CPU.ActiveCfg = Debug|Any CPU
		{694B499D-65A7-4DE3-BDED-9CABA0F704CF}.Debug|Any CPU.Build.0 = Debug|Any CPU
		{694B499D-65A7-4DE3-BDED-9CABA0F704CF}.Release|Any CPU.ActiveCfg = Release|Any CPU
		{694B499D-65A7-4DE3-BDED-9CABA0F704CF}.Release|Any CPU.Build.0 = Release|Any CPU
		{5DE300F4-4594-4C4A-A1EE-D6B614627900}.Debug|Any CPU.ActiveCfg = Debug|Any CPU
		{5DE300F4-4594-4C4A-A1EE-D6B614627900}.Debug|Any CPU.Build.0 = Debug|Any CPU
		{5DE300F4-4594-4C4A-A1EE-D6B614627900}.Release|Any CPU.ActiveCfg = Release|Any CPU
		{5DE300F4-4594-4C4A-A1EE-D6B614627900}.Release|Any CPU.Build.0 = Release|Any CPU
		{3E17E77F-C4D3-4D8B-8B62-332BF07852C4}.Debug|Any CPU.ActiveCfg = Debug|Any CPU
		{3E17E77F-C4D3-4D8B-8B62-332BF07852C4}.Debug|Any CPU.Build.0 = Debug|Any CPU
		{3E17E77F-C4D3-4D8B-8B62-332BF07852C4}.Release|Any CPU.ActiveCfg = Release|Any CPU
		{3E17E77F-C4D3-4D8B-8B62-332BF07852C4}.Release|Any CPU.Build.0 = Release|Any CPU
		{6D1A4D10-1167-4A8F-B933-D2B7726CFDE2}.Debug|Any CPU.ActiveCfg = Debug|Any CPU
		{6D1A4D10-1167-4A8F-B933-D2B7726CFDE2}.Debug|Any CPU.Build.0 = Debug|Any CPU
		{6D1A4D10-1167-4A8F-B933-D2B7726CFDE2}.Release|Any CPU.ActiveCfg = Release|Any CPU
		{6D1A4D10-1167-4A8F-B933-D2B7726CFDE2}.Release|Any CPU.Build.0 = Release|Any CPU
		{9224C673-DEE8-415F-8A3E-B4E5A4F29EEC}.Debug|Any CPU.ActiveCfg = Debug|Any CPU
		{9224C673-DEE8-415F-8A3E-B4E5A4F29EEC}.Debug|Any CPU.Build.0 = Debug|Any CPU
		{9224C673-DEE8-415F-8A3E-B4E5A4F29EEC}.Release|Any CPU.ActiveCfg = Release|Any CPU
		{9224C673-DEE8-415F-8A3E-B4E5A4F29EEC}.Release|Any CPU.Build.0 = Release|Any CPU
	EndGlobalSection
	GlobalSection(SolutionProperties) = preSolution
		HideSolutionNode = FALSE
	EndGlobalSection
	GlobalSection(ExtensibilityGlobals) = postSolution
		SolutionGuid = {D49239DE-4F27-4F7E-ADE7-71FF9533BFF1}
	EndGlobalSection
EndGlobal
